// !$*UTF8*$!
{
	archiveVersion = 1;
	classes = {
	};
	objectVersion = 46;
	objects = {

/* Begin PBXFileReference section */
		ABCCA0C5181A50050048AD91 /* libKevoree Modeling Framework CPP MicroFramework.dylib */ = {isa = PBXFileReference; explicitFileType = "compiled.mach-o.dylib"; includeInIndex = 0; path = "libKevoree Modeling Framework CPP MicroFramework.dylib"; sourceTree = BUILT_PRODUCTS_DIR; };
/* End PBXFileReference section */

/* Begin PBXFrameworksBuildPhase section */
		ABCCA0C2181A50050048AD91 /* Frameworks */ = {
			isa = PBXFrameworksBuildPhase;
			buildActionMask = 2147483647;
			files = (
			);
			runOnlyForDeploymentPostprocessing = 0;
		};
/* End PBXFrameworksBuildPhase section */

/* Begin PBXGroup section */
		ABCCA0BC181A50050048AD91 = {
			isa = PBXGroup;
			children = (
				ABCCA0C6181A50050048AD91 /* Products */,
			);
			sourceTree = "<group>";
		};
		ABCCA0C6181A50050048AD91 /* Products */ = {
			isa = PBXGroup;
			children = (
				ABCCA0C5181A50050048AD91 /* libKevoree Modeling Framework CPP MicroFramework.dylib */,
			);
			name = Products;
			sourceTree = "<group>";
		};
/* End PBXGroup section */

/* Begin PBXHeadersBuildPhase section */
		ABCCA0C3181A50050048AD91 /* Headers */ = {
			isa = PBXHeadersBuildPhase;
			buildActionMask = 2147483647;
			files = (
			);
			runOnlyForDeploymentPostprocessing = 0;
		};
/* End PBXHeadersBuildPhase section */

/* Begin PBXNativeTarget section */
		ABCCA0C4181A50050048AD91 /* Kevoree Modeling Framework CPP MicroFramework */ = {
			isa = PBXNativeTarget;
			buildConfigurationList = ABCCA0C9181A50050048AD91 /* Build configuration list for PBXNativeTarget "Kevoree Modeling Framework CPP MicroFramework" */;
			buildPhases = (
				ABCCA0C1181A50050048AD91 /* Sources */,
				ABCCA0C2181A50050048AD91 /* Frameworks */,
				ABCCA0C3181A50050048AD91 /* Headers */,
			);
			buildRules = (
			);
			dependencies = (
			);
			name = "Kevoree Modeling Framework CPP MicroFramework";
			productName = "Kevoree Modeling Framework CPP MicroFramework";
			productReference = ABCCA0C5181A50050048AD91 /* libKevoree Modeling Framework CPP MicroFramework.dylib */;
			productType = "com.apple.product-type.library.dynamic";
		};
/* End PBXNativeTarget section */

/* Begin PBXProject section */
		ABCCA0BD181A50050048AD91 /* Project object */ = {
			isa = PBXProject;
			attributes = {
				LastUpgradeCheck = 0460;
				ORGANIZATIONNAME = Kevoree;
			};
			buildConfigurationList = ABCCA0C0181A50050048AD91 /* Build configuration list for PBXProject "Kevoree Modeling Framework CPP MicroFramework" */;
			compatibilityVersion = "Xcode 3.2";
			developmentRegion = English;
			hasScannedForEncodings = 0;
			knownRegions = (
				en,
			);
			mainGroup = ABCCA0BC181A50050048AD91;
			productRefGroup = ABCCA0C6181A50050048AD91 /* Products */;
			projectDirPath = "";
			projectRoot = "";
			targets = (
				ABCCA0C4181A50050048AD91 /* Kevoree Modeling Framework CPP MicroFramework */,
			);
		};
/* End PBXProject section */

/* Begin PBXSourcesBuildPhase section */
		ABCCA0C1181A50050048AD91 /* Sources */ = {
			isa = PBXSourcesBuildPhase;
			buildActionMask = 2147483647;
			files = (
			);
			runOnlyForDeploymentPostprocessing = 0;
		};
/* End PBXSourcesBuildPhase section */

/* Begin XCBuildConfiguration section */
		ABCCA0C7181A50050048AD91 /* Debug */ = {
			isa = XCBuildConfiguration;
			buildSettings = {
				ALWAYS_SEARCH_USER_PATHS = NO;
				ARCHS = "$(ARCHS_STANDARD_64_BIT)";
				CLANG_CXX_LANGUAGE_STANDARD = "gnu++0x";
				CLANG_CXX_LIBRARY = "libc++";
				CLANG_ENABLE_OBJC_ARC = YES;
				CLANG_WARN_CONSTANT_CONVERSION = YES;
				CLANG_WARN_EMPTY_BODY = YES;
				CLANG_WARN_ENUM_CONVERSION = YES;
				CLANG_WARN_INT_CONVERSION = YES;
				CLANG_WARN__DUPLICATE_METHOD_MATCH = YES;
				COPY_PHASE_STRIP = NO;
				GCC_C_LANGUAGE_STANDARD = gnu99;
				GCC_DYNAMIC_NO_PIC = NO;
				GCC_ENABLE_OBJC_EXCEPTIONS = YES;
				GCC_OPTIMIZATION_LEVEL = 0;
				GCC_PREPROCESSOR_DEFINITIONS = (
					"DEBUG=1",
					"$(inherited)",
				);
				GCC_SYMBOLS_PRIVATE_EXTERN = NO;
				GCC_WARN_64_TO_32_BIT_CONVERSION = YES;
				GCC_WARN_ABOUT_RETURN_TYPE = YES;
				GCC_WARN_UNINITIALIZED_AUTOS = YES;
				GCC_WARN_UNUSED_VARIABLE = YES;
				MACOSX_DEPLOYMENT_TARGET = 10.9;
				ONLY_ACTIVE_ARCH = YES;
				SDKROOT = macosx;
			};
			name = Debug;
		};
		ABCCA0C8181A50050048AD91 /* Release */ = {
			isa = XCBuildConfiguration;
			buildSettings = {
				ALWAYS_SEARCH_USER_PATHS = NO;
				ARCHS = "$(ARCHS_STANDARD_64_BIT)";
				CLANG_CXX_LANGUAGE_STANDARD = "gnu++0x";
				CLANG_CXX_LIBRARY = "libc++";
				CLANG_ENABLE_OBJC_ARC = YES;
				CLANG_WARN_CONSTANT_CONVERSION = YES;
				CLANG_WARN_EMPTY_BODY = YES;
				CLANG_WARN_ENUM_CONVERSION = YES;
				CLANG_WARN_INT_CONVERSION = YES;
				CLANG_WARN__DUPLICATE_METHOD_MATCH = YES;
				COPY_PHASE_STRIP = YES;
				DEBUG_INFORMATION_FORMAT = "dwarf-with-dsym";
				GCC_C_LANGUAGE_STANDARD = gnu99;
				GCC_ENABLE_OBJC_EXCEPTIONS = YES;
				GCC_WARN_64_TO_32_BIT_CONVERSION = YES;
				GCC_WARN_ABOUT_RETURN_TYPE = YES;
				GCC_WARN_UNINITIALIZED_AUTOS = YES;
				GCC_WARN_UNUSED_VARIABLE = YES;
				MACOSX_DEPLOYMENT_TARGET = 10.9;
				SDKROOT = macosx;
			};
			name = Release;
		};
		ABCCA0CA181A50050048AD91 /* Debug */ = {
			isa = XCBuildConfiguration;
			buildSettings = {
				EXECUTABLE_PREFIX = lib;
				PRODUCT_NAME = "$(TARGET_NAME)";
			};
			name = Debug;
		};
		ABCCA0CB181A50050048AD91 /* Release */ = {
			isa = XCBuildConfiguration;
			buildSettings = {
				EXECUTABLE_PREFIX = lib;
				PRODUCT_NAME = "$(TARGET_NAME)";
			};
			name = Release;
		};
/* End XCBuildConfiguration section */

/* Begin XCConfigurationList section */
		ABCCA0C0181A50050048AD91 /* Build configuration list for PBXProject "Kevoree Modeling Framework CPP MicroFramework" */ = {
			isa = XCConfigurationList;
			buildConfigurations = (
				ABCCA0C7181A50050048AD91 /* Debug */,
				ABCCA0C8181A50050048AD91 /* Release */,
			);
			defaultConfigurationIsVisible = 0;
			defaultConfigurationName = Release;
		};
		ABCCA0C9181A50050048AD91 /* Build configuration list for PBXNativeTarget "Kevoree Modeling Framework CPP MicroFramework" */ = {
			isa = XCConfigurationList;
			buildConfigurations = (
				ABCCA0CA181A50050048AD91 /* Debug */,
				ABCCA0CB181A50050048AD91 /* Release */,
			);
			defaultConfigurationIsVisible = 0;
		};
/* End XCConfigurationList section */
	};
	rootObject = ABCCA0BD181A50050048AD91 /* Project object */;
}
